// !$*UTF8*$!
{
	archiveVersion = 1;
	classes = {
	};
	objectVersion = 46;
	objects = {

/* Begin PBXBuildFile section */
		F5881BAD1B2049270080AD62 /* main.m in Sources */ = {isa = PBXBuildFile; fileRef = F5881BAC1B2049270080AD62 /* main.m */; };
		F5881BB01B2049270080AD62 /* AppDelegate.m in Sources */ = {isa = PBXBuildFile; fileRef = F5881BAF1B2049270080AD62 /* AppDelegate.m */; };
		F5881BB31B2049270080AD62 /* ViewController.m in Sources */ = {isa = PBXBuildFile; fileRef = F5881BB21B2049270080AD62 /* ViewController.m */; };
		F5881BB61B2049270080AD62 /* Main.storyboard in Resources */ = {isa = PBXBuildFile; fileRef = F5881BB41B2049270080AD62 /* Main.storyboard */; };
		F5881BB81B2049270080AD62 /* Images.xcassets in Resources */ = {isa = PBXBuildFile; fileRef = F5881BB71B2049270080AD62 /* Images.xcassets */; };
		F5881BBB1B2049270080AD62 /* LaunchScreen.xib in Resources */ = {isa = PBXBuildFile; fileRef = F5881BB91B2049270080AD62 /* LaunchScreen.xib */; };
		F5881BC71B2049270080AD62 /* EchoesTests.m in Sources */ = {isa = PBXBuildFile; fileRef = F5881BC61B2049270080AD62 /* EchoesTests.m */; };
		F5881BF11B21AEAA0080AD62 /* Echoes.m in Sources */ = {isa = PBXBuildFile; fileRef = F5881BE61B21AEAA0080AD62 /* Echoes.m */; };
		F5881BF21B21AEAA0080AD62 /* MBECurrentRecordingSetProvider.m in Sources */ = {isa = PBXBuildFile; fileRef = F5881BE81B21AEAA0080AD62 /* MBECurrentRecordingSetProvider.m */; };
		F5881BF31B21AEAA0080AD62 /* MBERecord.m in Sources */ = {isa = PBXBuildFile; fileRef = F5881BEA1B21AEAA0080AD62 /* MBERecord.m */; };
		F5881BF41B21AEAA0080AD62 /* MBERecordingProtocol.m in Sources */ = {isa = PBXBuildFile; fileRef = F5881BEC1B21AEAA0080AD62 /* MBERecordingProtocol.m */; };
		F5881BF51B21AEAA0080AD62 /* MBEReplayingProtocol.m in Sources */ = {isa = PBXBuildFile; fileRef = F5881BEE1B21AEAA0080AD62 /* MBEReplayingProtocol.m */; };
		F5881BF61B21AEAA0080AD62 /* MBERequest.m in Sources */ = {isa = PBXBuildFile; fileRef = F5881BF01B21AEAA0080AD62 /* MBERequest.m */; };
/* End PBXBuildFile section */

/* Begin PBXContainerItemProxy section */
		F5881BC11B2049270080AD62 /* PBXContainerItemProxy */ = {
			isa = PBXContainerItemProxy;
			containerPortal = F5881B9F1B2049270080AD62 /* Project object */;
			proxyType = 1;
			remoteGlobalIDString = F5881BA61B2049270080AD62;
			remoteInfo = Echoes;
		};
/* End PBXContainerItemProxy section */

/* Begin PBXFileReference section */
		F5881BA71B2049270080AD62 /* Echoes.app */ = {isa = PBXFileReference; explicitFileType = wrapper.application; includeInIndex = 0; path = Echoes.app; sourceTree = BUILT_PRODUCTS_DIR; };
		F5881BAB1B2049270080AD62 /* Info.plist */ = {isa = PBXFileReference; lastKnownFileType = text.plist.xml; path = Info.plist; sourceTree = "<group>"; };
		F5881BAC1B2049270080AD62 /* main.m */ = {isa = PBXFileReference; lastKnownFileType = sourcecode.c.objc; path = main.m; sourceTree = "<group>"; };
		F5881BAE1B2049270080AD62 /* AppDelegate.h */ = {isa = PBXFileReference; lastKnownFileType = sourcecode.c.h; path = AppDelegate.h; sourceTree = "<group>"; };
		F5881BAF1B2049270080AD62 /* AppDelegate.m */ = {isa = PBXFileReference; lastKnownFileType = sourcecode.c.objc; path = AppDelegate.m; sourceTree = "<group>"; };
		F5881BB11B2049270080AD62 /* ViewController.h */ = {isa = PBXFileReference; lastKnownFileType = sourcecode.c.h; path = ViewController.h; sourceTree = "<group>"; };
		F5881BB21B2049270080AD62 /* ViewController.m */ = {isa = PBXFileReference; lastKnownFileType = sourcecode.c.objc; path = ViewController.m; sourceTree = "<group>"; };
		F5881BB51B2049270080AD62 /* Base */ = {isa = PBXFileReference; lastKnownFileType = file.storyboard; name = Base; path = Base.lproj/Main.storyboard; sourceTree = "<group>"; };
		F5881BB71B2049270080AD62 /* Images.xcassets */ = {isa = PBXFileReference; lastKnownFileType = folder.assetcatalog; path = Images.xcassets; sourceTree = "<group>"; };
		F5881BBA1B2049270080AD62 /* Base */ = {isa = PBXFileReference; lastKnownFileType = file.xib; name = Base; path = Base.lproj/LaunchScreen.xib; sourceTree = "<group>"; };
		F5881BC01B2049270080AD62 /* EchoesTests.xctest */ = {isa = PBXFileReference; explicitFileType = wrapper.cfbundle; includeInIndex = 0; path = EchoesTests.xctest; sourceTree = BUILT_PRODUCTS_DIR; };
		F5881BC51B2049270080AD62 /* Info.plist */ = {isa = PBXFileReference; lastKnownFileType = text.plist.xml; path = Info.plist; sourceTree = "<group>"; };
		F5881BC61B2049270080AD62 /* EchoesTests.m */ = {isa = PBXFileReference; lastKnownFileType = sourcecode.c.objc; path = EchoesTests.m; sourceTree = "<group>"; };
		F5881BE51B21AEAA0080AD62 /* Echoes.h */ = {isa = PBXFileReference; fileEncoding = 4; lastKnownFileType = sourcecode.c.h; name = Echoes.h; path = Echoes/Echoes.h; sourceTree = "<group>"; };
		F5881BE61B21AEAA0080AD62 /* Echoes.m */ = {isa = PBXFileReference; fileEncoding = 4; lastKnownFileType = sourcecode.c.objc; name = Echoes.m; path = Echoes/Echoes.m; sourceTree = "<group>"; };
		F5881BE71B21AEAA0080AD62 /* MBECurrentRecordingSetProvider.h */ = {isa = PBXFileReference; fileEncoding = 4; lastKnownFileType = sourcecode.c.h; name = MBECurrentRecordingSetProvider.h; path = Echoes/MBECurrentRecordingSetProvider.h; sourceTree = "<group>"; };
		F5881BE81B21AEAA0080AD62 /* MBECurrentRecordingSetProvider.m */ = {isa = PBXFileReference; fileEncoding = 4; lastKnownFileType = sourcecode.c.objc; name = MBECurrentRecordingSetProvider.m; path = Echoes/MBECurrentRecordingSetProvider.m; sourceTree = "<group>"; };
		F5881BE91B21AEAA0080AD62 /* MBERecord.h */ = {isa = PBXFileReference; fileEncoding = 4; lastKnownFileType = sourcecode.c.h; name = MBERecord.h; path = Echoes/MBERecord.h; sourceTree = "<group>"; };
		F5881BEA1B21AEAA0080AD62 /* MBERecord.m */ = {isa = PBXFileReference; fileEncoding = 4; lastKnownFileType = sourcecode.c.objc; name = MBERecord.m; path = Echoes/MBERecord.m; sourceTree = "<group>"; };
		F5881BEB1B21AEAA0080AD62 /* MBERecordingProtocol.h */ = {isa = PBXFileReference; fileEncoding = 4; lastKnownFileType = sourcecode.c.h; name = MBERecordingProtocol.h; path = Echoes/MBERecordingProtocol.h; sourceTree = "<group>"; };
		F5881BEC1B21AEAA0080AD62 /* MBERecordingProtocol.m */ = {isa = PBXFileReference; fileEncoding = 4; lastKnownFileType = sourcecode.c.objc; name = MBERecordingProtocol.m; path = Echoes/MBERecordingProtocol.m; sourceTree = "<group>"; };
		F5881BED1B21AEAA0080AD62 /* MBEReplayingProtocol.h */ = {isa = PBXFileReference; fileEncoding = 4; lastKnownFileType = sourcecode.c.h; name = MBEReplayingProtocol.h; path = Echoes/MBEReplayingProtocol.h; sourceTree = "<group>"; };
		F5881BEE1B21AEAA0080AD62 /* MBEReplayingProtocol.m */ = {isa = PBXFileReference; fileEncoding = 4; lastKnownFileType = sourcecode.c.objc; name = MBEReplayingProtocol.m; path = Echoes/MBEReplayingProtocol.m; sourceTree = "<group>"; };
		F5881BEF1B21AEAA0080AD62 /* MBERequest.h */ = {isa = PBXFileReference; fileEncoding = 4; lastKnownFileType = sourcecode.c.h; name = MBERequest.h; path = Echoes/MBERequest.h; sourceTree = "<group>"; };
		F5881BF01B21AEAA0080AD62 /* MBERequest.m */ = {isa = PBXFileReference; fileEncoding = 4; lastKnownFileType = sourcecode.c.objc; name = MBERequest.m; path = Echoes/MBERequest.m; sourceTree = "<group>"; };
/* End PBXFileReference section */

/* Begin PBXFrameworksBuildPhase section */
		F5881BA41B2049270080AD62 /* Frameworks */ = {
			isa = PBXFrameworksBuildPhase;
			buildActionMask = 2147483647;
			files = (
			);
			runOnlyForDeploymentPostprocessing = 0;
		};
		F5881BBD1B2049270080AD62 /* Frameworks */ = {
			isa = PBXFrameworksBuildPhase;
			buildActionMask = 2147483647;
			files = (
			);
			runOnlyForDeploymentPostprocessing = 0;
		};
/* End PBXFrameworksBuildPhase section */

/* Begin PBXGroup section */
		F5881B9E1B2049270080AD62 = {
			isa = PBXGroup;
			children = (
				F5881BA91B2049270080AD62 /* Echoes */,
				F5881BC31B2049270080AD62 /* EchoesTests */,
				F5881BA81B2049270080AD62 /* Products */,
			);
			sourceTree = "<group>";
		};
		F5881BA81B2049270080AD62 /* Products */ = {
			isa = PBXGroup;
			children = (
				F5881BA71B2049270080AD62 /* Echoes.app */,
				F5881BC01B2049270080AD62 /* EchoesTests.xctest */,
			);
			name = Products;
			sourceTree = "<group>";
		};
		F5881BA91B2049270080AD62 /* Echoes */ = {
			isa = PBXGroup;
			children = (
				F5881BE51B21AEAA0080AD62 /* Echoes.h */,
				F5881BE61B21AEAA0080AD62 /* Echoes.m */,
				F5881BE71B21AEAA0080AD62 /* MBECurrentRecordingSetProvider.h */,
				F5881BE81B21AEAA0080AD62 /* MBECurrentRecordingSetProvider.m */,
				F5881BE91B21AEAA0080AD62 /* MBERecord.h */,
				F5881BEA1B21AEAA0080AD62 /* MBERecord.m */,
				F5881BEB1B21AEAA0080AD62 /* MBERecordingProtocol.h */,
				F5881BEC1B21AEAA0080AD62 /* MBERecordingProtocol.m */,
				F5881BED1B21AEAA0080AD62 /* MBEReplayingProtocol.h */,
				F5881BEE1B21AEAA0080AD62 /* MBEReplayingProtocol.m */,
				F5881BEF1B21AEAA0080AD62 /* MBERequest.h */,
				F5881BF01B21AEAA0080AD62 /* MBERequest.m */,
				F5881BAE1B2049270080AD62 /* AppDelegate.h */,
				F5881BAF1B2049270080AD62 /* AppDelegate.m */,
				F5881BB11B2049270080AD62 /* ViewController.h */,
				F5881BB21B2049270080AD62 /* ViewController.m */,
				F5881BB41B2049270080AD62 /* Main.storyboard */,
				F5881BB71B2049270080AD62 /* Images.xcassets */,
				F5881BB91B2049270080AD62 /* LaunchScreen.xib */,
				F5881BAA1B2049270080AD62 /* Supporting Files */,
			);
			path = Echoes;
			sourceTree = "<group>";
		};
		F5881BAA1B2049270080AD62 /* Supporting Files */ = {
			isa = PBXGroup;
			children = (
				F5881BAB1B2049270080AD62 /* Info.plist */,
				F5881BAC1B2049270080AD62 /* main.m */,
			);
			name = "Supporting Files";
			sourceTree = "<group>";
		};
		F5881BC31B2049270080AD62 /* EchoesTests */ = {
			isa = PBXGroup;
			children = (
				F5881BC61B2049270080AD62 /* EchoesTests.m */,
				F5881BC41B2049270080AD62 /* Supporting Files */,
			);
			path = EchoesTests;
			sourceTree = "<group>";
		};
		F5881BC41B2049270080AD62 /* Supporting Files */ = {
			isa = PBXGroup;
			children = (
				F5881BC51B2049270080AD62 /* Info.plist */,
			);
			name = "Supporting Files";
			sourceTree = "<group>";
		};
/* End PBXGroup section */

/* Begin PBXNativeTarget section */
		F5881BA61B2049270080AD62 /* Echoes */ = {
			isa = PBXNativeTarget;
			buildConfigurationList = F5881BCA1B2049270080AD62 /* Build configuration list for PBXNativeTarget "Echoes" */;
			buildPhases = (
				F5881BA31B2049270080AD62 /* Sources */,
				F5881BA41B2049270080AD62 /* Frameworks */,
				F5881BA51B2049270080AD62 /* Resources */,
			);
			buildRules = (
			);
			dependencies = (
			);
			name = Echoes;
			productName = Echoes;
			productReference = F5881BA71B2049270080AD62 /* Echoes.app */;
			productType = "com.apple.product-type.application";
		};
		F5881BBF1B2049270080AD62 /* EchoesTests */ = {
			isa = PBXNativeTarget;
			buildConfigurationList = F5881BCD1B2049270080AD62 /* Build configuration list for PBXNativeTarget "EchoesTests" */;
			buildPhases = (
				F5881BBC1B2049270080AD62 /* Sources */,
				F5881BBD1B2049270080AD62 /* Frameworks */,
				F5881BBE1B2049270080AD62 /* Resources */,
			);
			buildRules = (
			);
			dependencies = (
				F5881BC21B2049270080AD62 /* PBXTargetDependency */,
			);
			name = EchoesTests;
			productName = EchoesTests;
			productReference = F5881BC01B2049270080AD62 /* EchoesTests.xctest */;
			productType = "com.apple.product-type.bundle.unit-test";
		};
/* End PBXNativeTarget section */

/* Begin PBXProject section */
		F5881B9F1B2049270080AD62 /* Project object */ = {
			isa = PBXProject;
			attributes = {
				LastUpgradeCheck = 0630;
				ORGANIZATIONNAME = "SO MANY APPS";
				TargetAttributes = {
					F5881BA61B2049270080AD62 = {
						CreatedOnToolsVersion = 6.3.2;
					};
					F5881BBF1B2049270080AD62 = {
						CreatedOnToolsVersion = 6.3.2;
						TestTargetID = F5881BA61B2049270080AD62;
					};
				};
			};
			buildConfigurationList = F5881BA21B2049270080AD62 /* Build configuration list for PBXProject "Echoes" */;
			compatibilityVersion = "Xcode 3.2";
			developmentRegion = English;
			hasScannedForEncodings = 0;
			knownRegions = (
				en,
				Base,
			);
			mainGroup = F5881B9E1B2049270080AD62;
			productRefGroup = F5881BA81B2049270080AD62 /* Products */;
			projectDirPath = "";
			projectRoot = "";
			targets = (
				F5881BA61B2049270080AD62 /* Echoes */,
				F5881BBF1B2049270080AD62 /* EchoesTests */,
			);
		};
/* End PBXProject section */

/* Begin PBXResourcesBuildPhase section */
		F5881BA51B2049270080AD62 /* Resources */ = {
			isa = PBXResourcesBuildPhase;
			buildActionMask = 2147483647;
			files = (
				F5881BB61B2049270080AD62 /* Main.storyboard in Resources */,
				F5881BBB1B2049270080AD62 /* LaunchScreen.xib in Resources */,
				F5881BB81B2049270080AD62 /* Images.xcassets in Resources */,
			);
			runOnlyForDeploymentPostprocessing = 0;
		};
		F5881BBE1B2049270080AD62 /* Resources */ = {
			isa = PBXResourcesBuildPhase;
			buildActionMask = 2147483647;
			files = (
			);
			runOnlyForDeploymentPostprocessing = 0;
		};
/* End PBXResourcesBuildPhase section */

/* Begin PBXSourcesBuildPhase section */
		F5881BA31B2049270080AD62 /* Sources */ = {
			isa = PBXSourcesBuildPhase;
			buildActionMask = 2147483647;
			files = (
				F5881BB31B2049270080AD62 /* ViewController.m in Sources */,
				F5881BF31B21AEAA0080AD62 /* MBERecord.m in Sources */,
				F5881BF61B21AEAA0080AD62 /* MBERequest.m in Sources */,
				F5881BF51B21AEAA0080AD62 /* MBEReplayingProtocol.m in Sources */,
				F5881BB01B2049270080AD62 /* AppDelegate.m in Sources */,
				F5881BF21B21AEAA0080AD62 /* MBECurrentRecordingSetProvider.m in Sources */,
				F5881BF11B21AEAA0080AD62 /* Echoes.m in Sources */,
				F5881BAD1B2049270080AD62 /* main.m in Sources */,
				F5881BF41B21AEAA0080AD62 /* MBERecordingProtocol.m in Sources */,
			);
			runOnlyForDeploymentPostprocessing = 0;
		};
		F5881BBC1B2049270080AD62 /* Sources */ = {
			isa = PBXSourcesBuildPhase;
			buildActionMask = 2147483647;
			files = (
				F5881BC71B2049270080AD62 /* EchoesTests.m in Sources */,
			);
			runOnlyForDeploymentPostprocessing = 0;
		};
/* End PBXSourcesBuildPhase section */

/* Begin PBXTargetDependency section */
		F5881BC21B2049270080AD62 /* PBXTargetDependency */ = {
			isa = PBXTargetDependency;
			target = F5881BA61B2049270080AD62 /* Echoes */;
			targetProxy = F5881BC11B2049270080AD62 /* PBXContainerItemProxy */;
		};
/* End PBXTargetDependency section */

/* Begin PBXVariantGroup section */
		F5881BB41B2049270080AD62 /* Main.storyboard */ = {
			isa = PBXVariantGroup;
			children = (
				F5881BB51B2049270080AD62 /* Base */,
			);
			name = Main.storyboard;
			sourceTree = "<group>";
		};
		F5881BB91B2049270080AD62 /* LaunchScreen.xib */ = {
			isa = PBXVariantGroup;
			children = (
				F5881BBA1B2049270080AD62 /* Base */,
			);
			name = LaunchScreen.xib;
			sourceTree = "<group>";
		};
/* End PBXVariantGroup section */

/* Begin XCBuildConfiguration section */
		F5881BC81B2049270080AD62 /* Debug */ = {
			isa = XCBuildConfiguration;
			buildSettings = {
				ALWAYS_SEARCH_USER_PATHS = NO;
				CLANG_CXX_LANGUAGE_STANDARD = "gnu++0x";
				CLANG_CXX_LIBRARY = "libc++";
				CLANG_ENABLE_MODULES = YES;
				CLANG_ENABLE_OBJC_ARC = YES;
				CLANG_WARN_BOOL_CONVERSION = YES;
				CLANG_WARN_CONSTANT_CONVERSION = YES;
				CLANG_WARN_DIRECT_OBJC_ISA_USAGE = YES_ERROR;
				CLANG_WARN_EMPTY_BODY = YES;
				CLANG_WARN_ENUM_CONVERSION = YES;
				CLANG_WARN_INT_CONVERSION = YES;
				CLANG_WARN_OBJC_ROOT_CLASS = YES_ERROR;
				CLANG_WARN_UNREACHABLE_CODE = YES;
				CLANG_WARN__DUPLICATE_METHOD_MATCH = YES;
				"CODE_SIGN_IDENTITY[sdk=iphoneos*]" = "iPhone Developer";
				COPY_PHASE_STRIP = NO;
				DEBUG_INFORMATION_FORMAT = "dwarf-with-dsym";
				ENABLE_STRICT_OBJC_MSGSEND = YES;
				GCC_C_LANGUAGE_STANDARD = gnu99;
				GCC_DYNAMIC_NO_PIC = NO;
				GCC_NO_COMMON_BLOCKS = YES;
				GCC_OPTIMIZATION_LEVEL = 0;
				GCC_PREPROCESSOR_DEFINITIONS = (
					"DEBUG=1",
					"$(inherited)",
				);
				GCC_SYMBOLS_PRIVATE_EXTERN = NO;
				GCC_WARN_64_TO_32_BIT_CONVERSION = YES;
				GCC_WARN_ABOUT_RETURN_TYPE = YES_ERROR;
				GCC_WARN_UNDECLARED_SELECTOR = YES;
				GCC_WARN_UNINITIALIZED_AUTOS = YES_AGGRESSIVE;
				GCC_WARN_UNUSED_FUNCTION = YES;
				GCC_WARN_UNUSED_VARIABLE = YES;
				IPHONEOS_DEPLOYMENT_TARGET = 8.3;
				MTL_ENABLE_DEBUG_INFO = YES;
				ONLY_ACTIVE_ARCH = YES;
				SDKROOT = iphoneos;
			};
			name = Debug;
		};
		F5881BC91B2049270080AD62 /* Release */ = {
			isa = XCBuildConfiguration;
			buildSettings = {
				ALWAYS_SEARCH_USER_PATHS = NO;
				CLANG_CXX_LANGUAGE_STANDARD = "gnu++0x";
				CLANG_CXX_LIBRARY = "libc++";
				CLANG_ENABLE_MODULES = YES;
				CLANG_ENABLE_OBJC_ARC = YES;
				CLANG_WARN_BOOL_CONVERSION = YES;
				CLANG_WARN_CONSTANT_CONVERSION = YES;
				CLANG_WARN_DIRECT_OBJC_ISA_USAGE = YES_ERROR;
				CLANG_WARN_EMPTY_BODY = YES;
				CLANG_WARN_ENUM_CONVERSION = YES;
				CLANG_WARN_INT_CONVERSION = YES;
				CLANG_WARN_OBJC_ROOT_CLASS = YES_ERROR;
				CLANG_WARN_UNREACHABLE_CODE = YES;
				CLANG_WARN__DUPLICATE_METHOD_MATCH = YES;
				"CODE_SIGN_IDENTITY[sdk=iphoneos*]" = "iPhone Developer";
				COPY_PHASE_STRIP = NO;
				DEBUG_INFORMATION_FORMAT = "dwarf-with-dsym";
				ENABLE_NS_ASSERTIONS = NO;
				ENABLE_STRICT_OBJC_MSGSEND = YES;
				GCC_C_LANGUAGE_STANDARD = gnu99;
				GCC_NO_COMMON_BLOCKS = YES;
				GCC_WARN_64_TO_32_BIT_CONVERSION = YES;
				GCC_WARN_ABOUT_RETURN_TYPE = YES_ERROR;
				GCC_WARN_UNDECLARED_SELECTOR = YES;
				GCC_WARN_UNINITIALIZED_AUTOS = YES_AGGRESSIVE;
				GCC_WARN_UNUSED_FUNCTION = YES;
				GCC_WARN_UNUSED_VARIABLE = YES;
				IPHONEOS_DEPLOYMENT_TARGET = 8.3;
				MTL_ENABLE_DEBUG_INFO = NO;
				SDKROOT = iphoneos;
				VALIDATE_PRODUCT = YES;
			};
			name = Release;
		};
		F5881BCB1B2049270080AD62 /* Debug */ = {
			isa = XCBuildConfiguration;
			buildSettings = {
				ASSETCATALOG_COMPILER_APPICON_NAME = AppIcon;
				GCC_PREPROCESSOR_DEFINITIONS = (
					"DEBUG=1",
					"$(inherited)",
					"ECHOES_RECORDINGS_DIRECTORY=\"\\\"$(SOURCE_ROOT)/$(PROJECT_NAME)Tests/ReferenceImages\\\"\"",
				);
				INFOPLIST_FILE = Echoes/Info.plist;
				LD_RUNPATH_SEARCH_PATHS = "$(inherited) @executable_path/Frameworks";
				PRODUCT_NAME = "$(TARGET_NAME)";
			};
			name = Debug;
		};
		F5881BCC1B2049270080AD62 /* Release */ = {
			isa = XCBuildConfiguration;
			buildSettings = {
				ASSETCATALOG_COMPILER_APPICON_NAME = AppIcon;
				INFOPLIST_FILE = Echoes/Info.plist;
				LD_RUNPATH_SEARCH_PATHS = "$(inherited) @executable_path/Frameworks";
				PRODUCT_NAME = "$(TARGET_NAME)";
			};
			name = Release;
		};
		F5881BCE1B2049270080AD62 /* Debug */ = {
			isa = XCBuildConfiguration;
			buildSettings = {
				BUNDLE_LOADER = "$(TEST_HOST)";
				FRAMEWORK_SEARCH_PATHS = (
					"$(SDKROOT)/Developer/Library/Frameworks",
					"$(inherited)",
				);
				GCC_PREPROCESSOR_DEFINITIONS = (
					"DEBUG=1",
					"$(inherited)",
				);
				INFOPLIST_FILE = EchoesTests/Info.plist;
				LD_RUNPATH_SEARCH_PATHS = "$(inherited) @executable_path/Frameworks @loader_path/Frameworks";
				PRODUCT_NAME = "$(TARGET_NAME)";
				TEST_HOST = "$(BUILT_PRODUCTS_DIR)/Echoes.app/Echoes";
			};
			name = Debug;
		};
		F5881BCF1B2049270080AD62 /* Release */ = {
			isa = XCBuildConfiguration;
			buildSettings = {
				BUNDLE_LOADER = "$(TEST_HOST)";
				FRAMEWORK_SEARCH_PATHS = (
					"$(SDKROOT)/Developer/Library/Frameworks",
					"$(inherited)",
				);
				INFOPLIST_FILE = EchoesTests/Info.plist;
				LD_RUNPATH_SEARCH_PATHS = "$(inherited) @executable_path/Frameworks @loader_path/Frameworks";
				PRODUCT_NAME = "$(TARGET_NAME)";
				TEST_HOST = "$(BUILT_PRODUCTS_DIR)/Echoes.app/Echoes";
			};
			name = Release;
		};
/* End XCBuildConfiguration section */

/* Begin XCConfigurationList section */
		F5881BA21B2049270080AD62 /* Build configuration list for PBXProject "Echoes" */ = {
			isa = XCConfigurationList;
			buildConfigurations = (
				F5881BC81B2049270080AD62 /* Debug */,
				F5881BC91B2049270080AD62 /* Release */,
			);
			defaultConfigurationIsVisible = 0;
			defaultConfigurationName = Release;
		};
		F5881BCA1B2049270080AD62 /* Build configuration list for PBXNativeTarget "Echoes" */ = {
			isa = XCConfigurationList;
			buildConfigurations = (
				F5881BCB1B2049270080AD62 /* Debug */,
				F5881BCC1B2049270080AD62 /* Release */,
			);
			defaultConfigurationIsVisible = 0;
			defaultConfigurationName = Release;
		};
		F5881BCD1B2049270080AD62 /* Build configuration list for PBXNativeTarget "EchoesTests" */ = {
			isa = XCConfigurationList;
			buildConfigurations = (
				F5881BCE1B2049270080AD62 /* Debug */,
				F5881BCF1B2049270080AD62 /* Release */,
			);
			defaultConfigurationIsVisible = 0;
			defaultConfigurationName = Release;
		};
/* End XCConfigurationList section */
	};
	rootObject = F5881B9F1B2049270080AD62 /* Project object */;
}
